
Microsoft Visual Studio Solution File, Format Version 12.00
# Visual Studio Version 16
VisualStudioVersion = 16.0.30114.128
MinimumVisualStudioVersion = 10.0.40219.1
Project("{9A19103F-16F7-4668-BE54-9A1E7A4F7556}") = "App.Quartz.SchedulerExtension", "App.Quartz.SchedulerExtension\App.Quartz.SchedulerExtension.csproj", "{5D23EB88-43C7-49D0-954B-9C2182E0A40C}"
EndProject
Project("{9A19103F-16F7-4668-BE54-9A1E7A4F7556}") = "Quartz.Scheduler.Extension", "..\..\..\src\.net core\Quartz.Scheduler.Extension\Quartz.Scheduler.Extension\Quartz.Scheduler.Extension.csproj", "{DDFA1F79-B421-4B34-877E-7A5643BEF132}"
EndProject
Global
	GlobalSection(SolutionConfigurationPlatforms) = preSolution
		Debug|Any CPU = Debug|Any CPU
		Release|Any CPU = Release|Any CPU
	EndGlobalSection
	GlobalSection(ProjectConfigurationPlatforms) = postSolution
		{5D23EB88-43C7-49D0-954B-9C2182E0A40C}.Debug|Any CPU.ActiveCfg = Debug|Any CPU
		{5D23EB88-43C7-49D0-954B-9C2182E0A40C}.Debug|Any CPU.Build.0 = Debug|Any CPU
		{5D23EB88-43C7-49D0-954B-9C2182E0A40C}.Release|Any CPU.ActiveCfg = Release|Any CPU
		{5D23EB88-43C7-49D0-954B-9C2182E0A40C}.Release|Any CPU.Build.0 = Release|Any CPU
		{DDFA1F79-B421-4B34-877E-7A5643BEF132}.Debug|Any CPU.ActiveCfg = Debug|Any CPU
		{DDFA1F79-B421-4B34-877E-7A5643BEF132}.Debug|Any CPU.Build.0 = Debug|Any CPU
		{DDFA1F79-B421-4B34-877E-7A5643BEF132}.Release|Any CPU.ActiveCfg = Release|Any CPU
		{DDFA1F79-B421-4B34-877E-7A5643BEF132}.Release|Any CPU.Build.0 = Release|Any CPU
	EndGlobalSection
	GlobalSection(SolutionProperties) = preSolution
		HideSolutionNode = FALSE
	EndGlobalSection
	GlobalSection(ExtensibilityGlobals) = postSolution
		SolutionGuid = {45C78AE6-7C0D-4F44-8332-C4F995153661}
	EndGlobalSection
EndGlobal
